
Microsoft Visual Studio Solution File, Format Version 12.00
# Visual Studio Version 17
VisualStudioVersion = 17.10.35122.118
MinimumVisualStudioVersion = 10.0.40219.1
Project("{9A19103F-16F7-4668-BE54-9A1E7A4F7556}") = "MODELS", "MODELS\MODELS.csproj", "{7773842A-7C9E-438D-9E60-F9EA64756041}"
EndProject
Project("{9A19103F-16F7-4668-BE54-9A1E7A4F7556}") = "DAL", "DAL\DAL.csproj", "{2AF8EED8-421F-43F7-98B9-4A11842BFDD9}"
EndProject
Project("{9A19103F-16F7-4668-BE54-9A1E7A4F7556}") = "BLL", "BLL\BLL.csproj", "{C3154477-543B-49B9-BD8C-9DBC00AA29A8}"
EndProject
Project("{9A19103F-16F7-4668-BE54-9A1E7A4F7556}") = "MVC", "MVC\MVC.csproj", "{2D3AA57E-750B-482B-B57E-812F32DCDD3D}"
EndProject
Project("{2150E333-8FDC-42A3-9474-1A3956D46DE8}") = "SolutionItems", "SolutionItems", "{A49256FF-4E19-49A4-A42B-E63AE44DC55A}"
	ProjectSection(SolutionItems) = preProject
		ReadMe.md = ReadMe.md
	EndProjectSection
EndProject
Global
	GlobalSection(SolutionConfigurationPlatforms) = preSolution
		Debug|Any CPU = Debug|Any CPU
		Release|Any CPU = Release|Any CPU
	EndGlobalSection
	GlobalSection(ProjectConfigurationPlatforms) = postSolution
		{7773842A-7C9E-438D-9E60-F9EA64756041}.Debug|Any CPU.ActiveCfg = Debug|Any CPU
		{7773842A-7C9E-438D-9E60-F9EA64756041}.Debug|Any CPU.Build.0 = Debug|Any CPU
		{7773842A-7C9E-438D-9E60-F9EA64756041}.Release|Any CPU.ActiveCfg = Release|Any CPU
		{7773842A-7C9E-438D-9E60-F9EA64756041}.Release|Any CPU.Build.0 = Release|Any CPU
		{2AF8EED8-421F-43F7-98B9-4A11842BFDD9}.Debug|Any CPU.ActiveCfg = Debug|Any CPU
		{2AF8EED8-421F-43F7-98B9-4A11842BFDD9}.Debug|Any CPU.Build.0 = Debug|Any CPU
		{2AF8EED8-421F-43F7-98B9-4A11842BFDD9}.Release|Any CPU.ActiveCfg = Release|Any CPU
		{2AF8EED8-421F-43F7-98B9-4A11842BFDD9}.Release|Any CPU.Build.0 = Release|Any CPU
		{C3154477-543B-49B9-BD8C-9DBC00AA29A8}.Debug|Any CPU.ActiveCfg = Debug|Any CPU
		{C3154477-543B-49B9-BD8C-9DBC00AA29A8}.Debug|Any CPU.Build.0 = Debug|Any CPU
		{C3154477-543B-49B9-BD8C-9DBC00AA29A8}.Release|Any CPU.ActiveCfg = Release|Any CPU
		{C3154477-543B-49B9-BD8C-9DBC00AA29A8}.Release|Any CPU.Build.0 = Release|Any CPU
		{2D3AA57E-750B-482B-B57E-812F32DCDD3D}.Debug|Any CPU.ActiveCfg = Debug|Any CPU
		{2D3AA57E-750B-482B-B57E-812F32DCDD3D}.Debug|Any CPU.Build.0 = Debug|Any CPU
		{2D3AA57E-750B-482B-B57E-812F32DCDD3D}.Release|Any CPU.ActiveCfg = Release|Any CPU
		{2D3AA57E-750B-482B-B57E-812F32DCDD3D}.Release|Any CPU.Build.0 = Release|Any CPU
	EndGlobalSection
	GlobalSection(SolutionProperties) = preSolution
		HideSolutionNode = FALSE
	EndGlobalSection
	GlobalSection(ExtensibilityGlobals) = postSolution
		SolutionGuid = {84F84A91-70BC-4E5C-8FAF-764A6D1A1E77}
	EndGlobalSection
EndGlobal
